
Microsoft Visual Studio Solution File, Format Version 12.00
# Visual Studio Version 17
VisualStudioVersion = 17.11.35312.102
MinimumVisualStudioVersion = 10.0.40219.1
Project("{FAE04EC0-301F-11D3-BF4B-00C04F79EFBC}") = "1-3-RussianMockApp", "1-3-RussianMockApp\1-3-RussianMockApp.csproj", "{2BF035E7-A814-4772-94D0-E8EBB39728ED}"
EndProject
Global
	GlobalSection(SolutionConfigurationPlatforms) = preSolution
		Debug|Any CPU = Debug|Any CPU
		Release|Any CPU = Release|Any CPU
	EndGlobalSection
	GlobalSection(ProjectConfigurationPlatforms) = postSolution
		{2BF035E7-A814-4772-94D0-E8EBB39728ED}.Debug|Any CPU.ActiveCfg = Debug|Any CPU
		{2BF035E7-A814-4772-94D0-E8EBB39728ED}.Debug|Any CPU.Build.0 = Debug|Any CPU
		{2BF035E7-A814-4772-94D0-E8EBB39728ED}.Release|Any CPU.ActiveCfg = Release|Any CPU
		{2BF035E7-A814-4772-94D0-E8EBB39728ED}.Release|Any CPU.Build.0 = Release|Any CPU
	EndGlobalSection
	GlobalSection(SolutionProperties) = preSolution
		HideSolutionNode = FALSE
	EndGlobalSection
	GlobalSection(ExtensibilityGlobals) = postSolution
		SolutionGuid = {344217F9-BAEA-453D-A4F0-86710CE35A4D}
	EndGlobalSection
EndGlobal
