
Microsoft Visual Studio Solution File, Format Version 12.00
# Visual Studio Version 17
VisualStudioVersion = 17.11.35312.102
MinimumVisualStudioVersion = 10.0.40219.1
Project("{9A19103F-16F7-4668-BE54-9A1E7A4F7556}") = "1-3-RussianMockApp", "1-3-RussianMockApp\1-3-RussianMockApp.csproj", "{2BF035E7-A814-4772-94D0-E8EBB39728ED}"
EndProject
Project("{9A19103F-16F7-4668-BE54-9A1E7A4F7556}") = "1-4-BasicsNumericOperationsApp", "1-4-BasicsNumericOperationsApp\1-4-BasicsNumericOperationsApp.csproj", "{6254D6E7-3F87-4BAA-9921-79413FCD7E74}"
EndProject
Project("{9A19103F-16F7-4668-BE54-9A1E7A4F7556}") = "1-4-FahrenheitToCelsiusApp", "1-4-FahrenheitToCelsiusApp\1-4-FahrenheitToCelsiusApp.csproj", "{49E77F2F-B601-4ACC-AAA5-47B37968B9AC}"
EndProject
Project("{FAE04EC0-301F-11D3-BF4B-00C04F79EFBC}") = "1-5-StudentGradingApp", "1-5-StudentGradingApp\1-5-StudentGradingApp.csproj", "{A125BACE-68AF-4B08-8FE2-C42762D862DC}"
EndProject
Project("{FAE04EC0-301F-11D3-BF4B-00C04F79EFBC}") = "1-6-FootballerRatingCalculatorApp", "1-6-StudentGPACalculatorApp\1-6-FootballerRatingCalculatorApp.csproj", "{F2DED000-BADC-47FF-B2D4-A94560CB11FD}"
EndProject
Global
	GlobalSection(SolutionConfigurationPlatforms) = preSolution
		Debug|Any CPU = Debug|Any CPU
		Release|Any CPU = Release|Any CPU
	EndGlobalSection
	GlobalSection(ProjectConfigurationPlatforms) = postSolution
		{2BF035E7-A814-4772-94D0-E8EBB39728ED}.Debug|Any CPU.ActiveCfg = Debug|Any CPU
		{2BF035E7-A814-4772-94D0-E8EBB39728ED}.Debug|Any CPU.Build.0 = Debug|Any CPU
		{2BF035E7-A814-4772-94D0-E8EBB39728ED}.Release|Any CPU.ActiveCfg = Release|Any CPU
		{2BF035E7-A814-4772-94D0-E8EBB39728ED}.Release|Any CPU.Build.0 = Release|Any CPU
		{6254D6E7-3F87-4BAA-9921-79413FCD7E74}.Debug|Any CPU.ActiveCfg = Debug|Any CPU
		{6254D6E7-3F87-4BAA-9921-79413FCD7E74}.Debug|Any CPU.Build.0 = Debug|Any CPU
		{6254D6E7-3F87-4BAA-9921-79413FCD7E74}.Release|Any CPU.ActiveCfg = Release|Any CPU
		{6254D6E7-3F87-4BAA-9921-79413FCD7E74}.Release|Any CPU.Build.0 = Release|Any CPU
		{49E77F2F-B601-4ACC-AAA5-47B37968B9AC}.Debug|Any CPU.ActiveCfg = Debug|Any CPU
		{49E77F2F-B601-4ACC-AAA5-47B37968B9AC}.Debug|Any CPU.Build.0 = Debug|Any CPU
		{49E77F2F-B601-4ACC-AAA5-47B37968B9AC}.Release|Any CPU.ActiveCfg = Release|Any CPU
		{49E77F2F-B601-4ACC-AAA5-47B37968B9AC}.Release|Any CPU.Build.0 = Release|Any CPU
		{A125BACE-68AF-4B08-8FE2-C42762D862DC}.Debug|Any CPU.ActiveCfg = Debug|Any CPU
		{A125BACE-68AF-4B08-8FE2-C42762D862DC}.Debug|Any CPU.Build.0 = Debug|Any CPU
		{A125BACE-68AF-4B08-8FE2-C42762D862DC}.Release|Any CPU.ActiveCfg = Release|Any CPU
		{A125BACE-68AF-4B08-8FE2-C42762D862DC}.Release|Any CPU.Build.0 = Release|Any CPU
		{F2DED000-BADC-47FF-B2D4-A94560CB11FD}.Debug|Any CPU.ActiveCfg = Debug|Any CPU
		{F2DED000-BADC-47FF-B2D4-A94560CB11FD}.Debug|Any CPU.Build.0 = Debug|Any CPU
		{F2DED000-BADC-47FF-B2D4-A94560CB11FD}.Release|Any CPU.ActiveCfg = Release|Any CPU
		{F2DED000-BADC-47FF-B2D4-A94560CB11FD}.Release|Any CPU.Build.0 = Release|Any CPU
	EndGlobalSection
	GlobalSection(SolutionProperties) = preSolution
		HideSolutionNode = FALSE
	EndGlobalSection
	GlobalSection(ExtensibilityGlobals) = postSolution
		SolutionGuid = {344217F9-BAEA-453D-A4F0-86710CE35A4D}
	EndGlobalSection
EndGlobal
